
Microsoft Visual Studio Solution File, Format Version 12.00
# Visual Studio Version 16
VisualStudioVersion = 16.0.29920.165
MinimumVisualStudioVersion = 10.0.40219.1
Project("{8BC9CEB8-8B4A-11D0-8D11-00A0C91BC942}") = "Sandbox", "Sandbox\Sandbox.vcxproj", "{F6F2D3C9-A05D-4BD3-9617-C53AD393C0F1}"
	ProjectSection(ProjectDependencies) = postProject
		{F33CA3DD-6D24-437E-8D41-4482CA4A63C3} = {F33CA3DD-6D24-437E-8D41-4482CA4A63C3}
	EndProjectSection
EndProject
Project("{8BC9CEB8-8B4A-11D0-8D11-00A0C91BC942}") = "Paint", "Paint\Paint.vcxproj", "{F33CA3DD-6D24-437E-8D41-4482CA4A63C3}"
EndProject
Global
	GlobalSection(SolutionConfigurationPlatforms) = preSolution
		Debug|x64 = Debug|x64
		Debug|x86 = Debug|x86
		Release|x64 = Release|x64
		Release|x86 = Release|x86
	EndGlobalSection
	GlobalSection(ProjectConfigurationPlatforms) = postSolution
		{F6F2D3C9-A05D-4BD3-9617-C53AD393C0F1}.Debug|x64.ActiveCfg = Debug|x64
		{F6F2D3C9-A05D-4BD3-9617-C53AD393C0F1}.Debug|x64.Build.0 = Debug|x64
		{F6F2D3C9-A05D-4BD3-9617-C53AD393C0F1}.Debug|x86.ActiveCfg = Debug|x64
		{F6F2D3C9-A05D-4BD3-9617-C53AD393C0F1}.Release|x64.ActiveCfg = Release|x64
		{F6F2D3C9-A05D-4BD3-9617-C53AD393C0F1}.Release|x64.Build.0 = Release|x64
		{F6F2D3C9-A05D-4BD3-9617-C53AD393C0F1}.Release|x86.ActiveCfg = Release|x64
		{F33CA3DD-6D24-437E-8D41-4482CA4A63C3}.Debug|x64.ActiveCfg = Debug|x64
		{F33CA3DD-6D24-437E-8D41-4482CA4A63C3}.Debug|x64.Build.0 = Debug|x64
		{F33CA3DD-6D24-437E-8D41-4482CA4A63C3}.Debug|x86.ActiveCfg = Debug|x64
		{F33CA3DD-6D24-437E-8D41-4482CA4A63C3}.Release|x64.ActiveCfg = Release|x64
		{F33CA3DD-6D24-437E-8D41-4482CA4A63C3}.Release|x64.Build.0 = Release|x64
		{F33CA3DD-6D24-437E-8D41-4482CA4A63C3}.Release|x86.ActiveCfg = Release|x64
	EndGlobalSection
	GlobalSection(SolutionProperties) = preSolution
		HideSolutionNode = FALSE
	EndGlobalSection
	GlobalSection(ExtensibilityGlobals) = postSolution
		SolutionGuid = {440734B2-0272-4C8E-A7DB-D39328995DCB}
	EndGlobalSection
EndGlobal
